<?xml version="1.0" encoding="utf-8"?>
<Project ToolsVersion="4.0" xmlns="http://schemas.microsoft.com/developer/msbuild/2003">
  <ItemGroup>
    <Filter Include="Animation">
      <UniqueIdentifier>{eebcdf7a-5dc1-4e7b-acd1-c777baabb23a}</UniqueIdentifier>
    </Filter>
    <Filter Include="Sound">
      <UniqueIdentifier>{4dfc0ed7-a866-4997-b697-bcf017d866cc}</UniqueIdentifier>
    </Filter>
    <Filter Include="Scene">
      <UniqueIdentifier>{474281a0-c47e-4773-b30a-c40808f6418b}</UniqueIdentifier>
    </Filter>
    <Filter Include="System">
      <UniqueIdentifier>{cd7f17c2-c67b-4a4a-b7e7-f95e5cc8583e}</UniqueIdentifier>
    </Filter>
    <Filter Include="Main">
      <UniqueIdentifier>{a1dd041e-8047-4863-8e90-06352abe65b3}</UniqueIdentifier>
    </Filter>
    <Filter Include="Resource">
      <UniqueIdentifier>{b4a6bbfb-daf0-4ee6-a815-ab4e976e4eb6}</UniqueIdentifier>
    </Filter>
    <Filter Include="System\ImageManager">
      <UniqueIdentifier>{cf13b4c7-8b1c-4296-a5ff-d6f6046233b4}</UniqueIdentifier>
    </Filter>
    <Filter Include="System\CollisionManager">
      <UniqueIdentifier>{b5fe3719-a040-4a91-afd0-20c73e920f65}</UniqueIdentifier>
    </Filter>
    <Filter Include="System\Function">
      <UniqueIdentifier>{b749b686-b2c0-4173-95a6-15739ce5e1ce}</UniqueIdentifier>
    </Filter>
    <Filter Include="System\Color">
      <UniqueIdentifier>{2c9f2bd3-e30d-4e9a-b5ac-6723a7f1d54f}</UniqueIdentifier>
    </Filter>
    <Filter Include="System\KeyManager">
      <UniqueIdentifier>{22264231-80af-435c-8260-4681ed287b8b}</UniqueIdentifier>
    </Filter>
    <Filter Include="System\Timer">
      <UniqueIdentifier>{920e1ab7-20ec-48f8-a860-e4fee3d0a4a6}</UniqueIdentifier>
    </Filter>
    <Filter Include="System\StateMachine">
      <UniqueIdentifier>{66e6853c-9936-4f13-9422-174536de1496}</UniqueIdentifier>
    </Filter>
    <Filter Include="Object">
      <UniqueIdentifier>{c836ee5b-a562-4532-8689-b0901efc5a1a}</UniqueIdentifier>
    </Filter>
    <Filter Include="Object\Enemy">
      <UniqueIdentifier>{2cd7df9b-f8ec-448a-b458-ca42913a4cb7}</UniqueIdentifier>
    </Filter>
    <Filter Include="Object\ObjectManager">
      <UniqueIdentifier>{825b34d6-8f92-4a9b-bd69-68344a997be9}</UniqueIdentifier>
    </Filter>
    <Filter Include="Object\Camera">
      <UniqueIdentifier>{4d21c737-d9e7-4a89-92b0-063493766a9a}</UniqueIdentifier>
    </Filter>
    <Filter Include="Object\TextItem">
      <UniqueIdentifier>{f9bc8192-7b69-461e-9c6c-c8463e968a2a}</UniqueIdentifier>
    </Filter>
    <Filter Include="Object\Player">
      <UniqueIdentifier>{8e075628-f11d-42d5-86d9-efcd0d94e744}</UniqueIdentifier>
    </Filter>
    <Filter Include="Object\Block">
      <UniqueIdentifier>{828a2cb0-ba48-4947-90fd-81d0f6752ab7}</UniqueIdentifier>
    </Filter>
    <Filter Include="Object\Button">
      <UniqueIdentifier>{d85945de-0b51-41b0-b41b-e6048fdf57a2}</UniqueIdentifier>
    </Filter>
    <Filter Include="Object\MapManager">
      <UniqueIdentifier>{bdaa67d1-660c-43fd-a93f-3b6256e4af36}</UniqueIdentifier>
    </Filter>
    <Filter Include="Object\Pipe">
      <UniqueIdentifier>{c1b72d74-3541-4b8f-bae2-c90778493b3c}</UniqueIdentifier>
    </Filter>
    <Filter Include="Object\Item">
      <UniqueIdentifier>{a2c3473c-c470-44e3-ab06-793145b6e8b6}</UniqueIdentifier>
    </Filter>
    <Filter Include="System\MapData">
      <UniqueIdentifier>{e544dd1b-4a85-4185-92c7-07d625d5d1d4}</UniqueIdentifier>
    </Filter>
    <Filter Include="System\Time">
      <UniqueIdentifier>{558c9573-af71-4d35-8c7b-aa02c218ec0e}</UniqueIdentifier>
    </Filter>
  </ItemGroup>
  <ItemGroup>
    <ClCompile Include="SceneManager.cpp">
      <Filter>Scene</Filter>
    </ClCompile>
    <ClCompile Include="main.cpp">
      <Filter>Main</Filter>
    </ClCompile>
    <ClCompile Include="Float2.cpp">
      <Filter>System</Filter>
    </ClCompile>
    <ClCompile Include="ImageManager.cpp">
      <Filter>System\ImageManager</Filter>
    </ClCompile>
    <ClCompile Include="ObjectManager.cpp">
      <Filter>Object\ObjectManager</Filter>
    </ClCompile>
    <ClCompile Include="Object.cpp">
      <Filter>Object\ObjectManager</Filter>
    </ClCompile>
    <ClCompile Include="CommonFunc.cpp">
      <Filter>System\Function</Filter>
    </ClCompile>
    <ClCompile Include="HitFunc.cpp">
      <Filter>System\Function</Filter>
    </ClCompile>
    <ClCompile Include="SoundManager.cpp">
      <Filter>Sound</Filter>
    </ClCompile>
    <ClCompile Include="Button.cpp">
      <Filter>Object\Button</Filter>
    </ClCompile>
    <ClCompile Include="TextItem.cpp">
      <Filter>Object\TextItem</Filter>
    </ClCompile>
    <ClCompile Include="mapdata.cpp">
      <Filter>System\MapData</Filter>
    </ClCompile>
    <ClCompile Include="Stage.cpp">
      <Filter>Scene</Filter>
    </ClCompile>
    <ClCompile Include="MapManager.cpp">
      <Filter>Object\MapManager</Filter>
    </ClCompile>
    <ClCompile Include="Title.cpp">
      <Filter>Scene</Filter>
    </ClCompile>
    <ClCompile Include="Player.cpp">
      <Filter>Object\Player</Filter>
    </ClCompile>
    <ClCompile Include="CollisionManager.cpp">
      <Filter>System\CollisionManager</Filter>
    </ClCompile>
    <ClCompile Include="Camera.cpp">
      <Filter>Object\Camera</Filter>
    </ClCompile>
    <ClCompile Include="AnimationData.cpp">
      <Filter>Animation</Filter>
    </ClCompile>
    <ClCompile Include="AnimationDataSet.cpp">
      <Filter>Animation</Filter>
    </ClCompile>
    <ClCompile Include="AnimationPlayer.cpp">
      <Filter>Animation</Filter>
    </ClCompile>
    <ClCompile Include="AnimationRepository.cpp">
      <Filter>Animation</Filter>
    </ClCompile>
    <ClCompile Include="EnemyManager.cpp">
      <Filter>Object\Enemy</Filter>
    </ClCompile>
    <ClCompile Include="PlayerManager.cpp">
      <Filter>Object\Player</Filter>
    </ClCompile>
    <ClCompile Include="BlockManager.cpp">
      <Filter>Object\Block</Filter>
    </ClCompile>
    <ClCompile Include="GroundBlock.cpp">
      <Filter>Object\Block</Filter>
    </ClCompile>
    <ClCompile Include="Color.cpp">
      <Filter>System\Color</Filter>
    </ClCompile>
    <ClCompile Include="keyManager.cpp">
      <Filter>System\KeyManager</Filter>
    </ClCompile>
    <ClCompile Include="Timer.cpp">
      <Filter>System\Timer</Filter>
    </ClCompile>
    <ClCompile Include="Goomba.cpp">
      <Filter>Object\Enemy</Filter>
    </ClCompile>
    <ClCompile Include="BrickBlock.cpp">
      <Filter>Object\Block</Filter>
    </ClCompile>
    <ClCompile Include="QuestionBlock.cpp">
      <Filter>Object\Block</Filter>
    </ClCompile>
    <ClCompile Include="EmptyBlock.cpp">
      <Filter>Object\Block</Filter>
    </ClCompile>
    <ClCompile Include="HiddenBlock.cpp">
      <Filter>Object\Block</Filter>
    </ClCompile>
    <ClCompile Include="CoinBlock.cpp">
      <Filter>Object\Block</Filter>
    </ClCompile>
    <ClCompile Include="HardBlock.cpp">
      <Filter>Object\Block</Filter>
    </ClCompile>
    <ClCompile Include="Pipe.cpp">
      <Filter>Object\Pipe</Filter>
    </ClCompile>
    <ClCompile Include="SuperMushroom.cpp">
      <Filter>Object\Item</Filter>
    </ClCompile>
    <ClCompile Include="FireFlower.cpp">
      <Filter>Object\Item</Filter>
    </ClCompile>
    <ClCompile Include="Item.cpp">
      <Filter>Object\Item</Filter>
    </ClCompile>
    <ClCompile Include="Coin.cpp">
      <Filter>Object\Item</Filter>
    </ClCompile>
    <ClCompile Include="Time.cpp">
      <Filter>System\Time</Filter>
    </ClCompile>
    <ClCompile Include="ItemManager.cpp">
      <Filter>Object\Item</Filter>
    </ClCompile>
  </ItemGroup>
  <ItemGroup>
    <ClInclude Include="SceneManager.h">
      <Filter>Scene</Filter>
    </ClInclude>
    <ClInclude Include="Scene.h">
      <Filter>Scene</Filter>
    </ClInclude>
    <ClInclude Include="Const.h">
      <Filter>System</Filter>
    </ClInclude>
    <ClInclude Include="Float2.h">
      <Filter>System</Filter>
    </ClInclude>
    <ClInclude Include="ImageManager.h">
      <Filter>System\ImageManager</Filter>
    </ClInclude>
    <ClInclude Include="ObjectManager.h">
      <Filter>Object\ObjectManager</Filter>
    </ClInclude>
    <ClInclude Include="Object.h">
      <Filter>Object\ObjectManager</Filter>
    </ClInclude>
    <ClInclude Include="CommonFunc.h">
      <Filter>System\Function</Filter>
    </ClInclude>
    <ClInclude Include="HitFunc.h">
      <Filter>System\Function</Filter>
    </ClInclude>
    <ClInclude Include="SoundManager.h">
      <Filter>Sound</Filter>
    </ClInclude>
    <ClInclude Include="Button.h">
      <Filter>Object\Button</Filter>
    </ClInclude>
    <ClInclude Include="TextItem.h">
      <Filter>Object\TextItem</Filter>
    </ClInclude>
    <ClInclude Include="mapdata.h">
      <Filter>System\MapData</Filter>
    </ClInclude>
    <ClInclude Include="Stage.h">
      <Filter>Scene</Filter>
    </ClInclude>
    <ClInclude Include="Block.h">
      <Filter>Object\Block</Filter>
    </ClInclude>
    <ClInclude Include="MapManager.h">
      <Filter>Object\MapManager</Filter>
    </ClInclude>
    <ClInclude Include="Enemy.h">
      <Filter>Object\Enemy</Filter>
    </ClInclude>
    <ClInclude Include="EnemyManager.h">
      <Filter>Object\Enemy</Filter>
    </ClInclude>
    <ClInclude Include="Title.h">
      <Filter>Scene</Filter>
    </ClInclude>
    <ClInclude Include="Player.h">
      <Filter>Object\Player</Filter>
    </ClInclude>
    <ClInclude Include="CollisionManager.h">
      <Filter>System\CollisionManager</Filter>
    </ClInclude>
    <ClInclude Include="GroundBlock.h">
      <Filter>Object\Block</Filter>
    </ClInclude>
    <ClInclude Include="Camera.h">
      <Filter>Object\Camera</Filter>
    </ClInclude>
    <ClInclude Include="AnimationData.h">
      <Filter>Animation</Filter>
    </ClInclude>
    <ClInclude Include="AnimationDataElem.h">
      <Filter>Animation</Filter>
    </ClInclude>
    <ClInclude Include="AnimationDataSet.h">
      <Filter>Animation</Filter>
    </ClInclude>
    <ClInclude Include="AnimationPlayer.h">
      <Filter>Animation</Filter>
    </ClInclude>
    <ClInclude Include="AnimationRepository.h">
      <Filter>Animation</Filter>
    </ClInclude>
    <ClInclude Include="PlayerManager.h">
      <Filter>Object\Player</Filter>
    </ClInclude>
    <ClInclude Include="BlockManager.h">
      <Filter>Object\Block</Filter>
    </ClInclude>
    <ClInclude Include="Color.h">
      <Filter>System\Color</Filter>
    </ClInclude>
    <ClInclude Include="keyManager.h">
      <Filter>System\KeyManager</Filter>
    </ClInclude>
    <ClInclude Include="StateMachine.h">
      <Filter>System\StateMachine</Filter>
    </ClInclude>
    <ClInclude Include="Timer.h">
      <Filter>System\Timer</Filter>
    </ClInclude>
    <ClInclude Include="Goomba.h">
      <Filter>Object\Enemy</Filter>
    </ClInclude>
    <ClInclude Include="BrickBlock.h">
      <Filter>Object\Block</Filter>
    </ClInclude>
    <ClInclude Include="QuestionBlock.h">
      <Filter>Object\Block</Filter>
    </ClInclude>
    <ClInclude Include="EmptyBlock.h">
      <Filter>Object\Block</Filter>
    </ClInclude>
    <ClInclude Include="HiddenBlock.h">
      <Filter>Object\Block</Filter>
    </ClInclude>
    <ClInclude Include="HardBlock.h">
      <Filter>Object\Block</Filter>
    </ClInclude>
    <ClInclude Include="CoinBlock.h">
      <Filter>Object\Block</Filter>
    </ClInclude>
    <ClInclude Include="Pipe.h">
      <Filter>Object\Pipe</Filter>
    </ClInclude>
    <ClInclude Include="SuperMushroom.h">
      <Filter>Object\Item</Filter>
    </ClInclude>
    <ClInclude Include="FireFlower.h">
      <Filter>Object\Item</Filter>
    </ClInclude>
    <ClInclude Include="Item.h">
      <Filter>Object\Item</Filter>
    </ClInclude>
    <ClInclude Include="Coin.h">
      <Filter>Object\Item</Filter>
    </ClInclude>
    <ClInclude Include="Time.h">
      <Filter>System\Time</Filter>
    </ClInclude>
    <ClInclude Include="ItemManager.h">
      <Filter>Object\Item</Filter>
    </ClInclude>
  </ItemGroup>
  <ItemGroup>
    <Text Include="Todo.txt">
      <Filter>Resource</Filter>
    </Text>
  </ItemGroup>
  <ItemGroup>
    <None Include="CommonFunc.inc">
      <Filter>System\Function</Filter>
    </None>
  </ItemGroup>
</Project>